// !$*UTF8*$!
{
	archiveVersion = 1;
	classes = {
	};
	objectVersion = 56;
	objects = {

/* Begin PBXBuildFile section */
		6BFE7FB429817B14008CB59F /* ObjectsApp.swift in Sources */ = {isa = PBXBuildFile; fileRef = 6BFE7FB329817B14008CB59F /* ObjectsApp.swift */; };
		6BFE7FB629817B14008CB59F /* ContentView.swift in Sources */ = {isa = PBXBuildFile; fileRef = 6BFE7FB529817B14008CB59F /* ContentView.swift */; };
		6BFE7FB829817B15008CB59F /* Assets.xcassets in Resources */ = {isa = PBXBuildFile; fileRef = 6BFE7FB729817B15008CB59F /* Assets.xcassets */; };
		6BFE7FBB29817B15008CB59F /* Preview Assets.xcassets in Resources */ = {isa = PBXBuildFile; fileRef = 6BFE7FBA29817B15008CB59F /* Preview Assets.xcassets */; };
		6BFE7FC429817B7E008CB59F /* Invitation.swift in Sources */ = {isa = PBXBuildFile; fileRef = 6BFE7FC329817B7E008CB59F /* Invitation.swift */; };
		6BFE7FC629817C9A008CB59F /* Ticket.swift in Sources */ = {isa = PBXBuildFile; fileRef = 6BFE7FC529817C9A008CB59F /* Ticket.swift */; };
		6BFE7FC829817D17008CB59F /* Bag.swift in Sources */ = {isa = PBXBuildFile; fileRef = 6BFE7FC729817D17008CB59F /* Bag.swift */; };
		6BFE7FCA29817D8B008CB59F /* Audience.swift in Sources */ = {isa = PBXBuildFile; fileRef = 6BFE7FC929817D8B008CB59F /* Audience.swift */; };
/* End PBXBuildFile section */

/* Begin PBXFileReference section */
		6BFE7FB029817B14008CB59F /* Objects.app */ = {isa = PBXFileReference; explicitFileType = wrapper.application; includeInIndex = 0; path = Objects.app; sourceTree = BUILT_PRODUCTS_DIR; };
		6BFE7FB329817B14008CB59F /* ObjectsApp.swift */ = {isa = PBXFileReference; lastKnownFileType = sourcecode.swift; path = ObjectsApp.swift; sourceTree = "<group>"; };
		6BFE7FB529817B14008CB59F /* ContentView.swift */ = {isa = PBXFileReference; lastKnownFileType = sourcecode.swift; path = ContentView.swift; sourceTree = "<group>"; };
		6BFE7FB729817B15008CB59F /* Assets.xcassets */ = {isa = PBXFileReference; lastKnownFileType = folder.assetcatalog; path = Assets.xcassets; sourceTree = "<group>"; };
		6BFE7FBA29817B15008CB59F /* Preview Assets.xcassets */ = {isa = PBXFileReference; lastKnownFileType = folder.assetcatalog; path = "Preview Assets.xcassets"; sourceTree = "<group>"; };
		6BFE7FC329817B7E008CB59F /* Invitation.swift */ = {isa = PBXFileReference; lastKnownFileType = sourcecode.swift; path = Invitation.swift; sourceTree = "<group>"; };
		6BFE7FC529817C9A008CB59F /* Ticket.swift */ = {isa = PBXFileReference; lastKnownFileType = sourcecode.swift; path = Ticket.swift; sourceTree = "<group>"; };
		6BFE7FC729817D17008CB59F /* Bag.swift */ = {isa = PBXFileReference; lastKnownFileType = sourcecode.swift; path = Bag.swift; sourceTree = "<group>"; };
		6BFE7FC929817D8B008CB59F /* Audience.swift */ = {isa = PBXFileReference; lastKnownFileType = sourcecode.swift; path = Audience.swift; sourceTree = "<group>"; };
/* End PBXFileReference section */

/* Begin PBXFrameworksBuildPhase section */
		6BFE7FAD29817B14008CB59F /* Frameworks */ = {
			isa = PBXFrameworksBuildPhase;
			buildActionMask = 2147483647;
			files = (
			);
			runOnlyForDeploymentPostprocessing = 0;
		};
/* End PBXFrameworksBuildPhase section */

/* Begin PBXGroup section */
		6BFE7FA729817B14008CB59F = {
			isa = PBXGroup;
			children = (
				6BFE7FB229817B14008CB59F /* Objects */,
				6BFE7FB129817B14008CB59F /* Products */,
			);
			sourceTree = "<group>";
		};
		6BFE7FB129817B14008CB59F /* Products */ = {
			isa = PBXGroup;
			children = (
				6BFE7FB029817B14008CB59F /* Objects.app */,
			);
			name = Products;
			sourceTree = "<group>";
		};
		6BFE7FB229817B14008CB59F /* Objects */ = {
			isa = PBXGroup;
			children = (
				6BFE7FC229817B36008CB59F /* Etc */,
				6BFE7FC129817B27008CB59F /* Chapter1 */,
			);
			path = Objects;
			sourceTree = "<group>";
		};
		6BFE7FB929817B15008CB59F /* Preview Content */ = {
			isa = PBXGroup;
			children = (
				6BFE7FBA29817B15008CB59F /* Preview Assets.xcassets */,
			);
			path = "Preview Content";
			sourceTree = "<group>";
		};
		6BFE7FC129817B27008CB59F /* Chapter1 */ = {
			isa = PBXGroup;
			children = (
				6BFE7FC329817B7E008CB59F /* Invitation.swift */,
				6BFE7FC529817C9A008CB59F /* Ticket.swift */,
				6BFE7FC729817D17008CB59F /* Bag.swift */,
				6BFE7FC929817D8B008CB59F /* Audience.swift */,
			);
			path = Chapter1;
			sourceTree = "<group>";
		};
		6BFE7FC229817B36008CB59F /* Etc */ = {
			isa = PBXGroup;
			children = (
				6BFE7FB929817B15008CB59F /* Preview Content */,
				6BFE7FB329817B14008CB59F /* ObjectsApp.swift */,
				6BFE7FB529817B14008CB59F /* ContentView.swift */,
				6BFE7FB729817B15008CB59F /* Assets.xcassets */,
			);
			path = Etc;
			sourceTree = "<group>";
		};
/* End PBXGroup section */

/* Begin PBXNativeTarget section */
		6BFE7FAF29817B14008CB59F /* Objects */ = {
			isa = PBXNativeTarget;
			buildConfigurationList = 6BFE7FBE29817B15008CB59F /* Build configuration list for PBXNativeTarget "Objects" */;
			buildPhases = (
				6BFE7FAC29817B14008CB59F /* Sources */,
				6BFE7FAD29817B14008CB59F /* Frameworks */,
				6BFE7FAE29817B14008CB59F /* Resources */,
			);
			buildRules = (
			);
			dependencies = (
			);
			name = Objects;
			productName = Objects;
			productReference = 6BFE7FB029817B14008CB59F /* Objects.app */;
			productType = "com.apple.product-type.application";
		};
/* End PBXNativeTarget section */

/* Begin PBXProject section */
		6BFE7FA829817B14008CB59F /* Project object */ = {
			isa = PBXProject;
			attributes = {
				BuildIndependentTargetsInParallel = 1;
				LastSwiftUpdateCheck = 1410;
				LastUpgradeCheck = 1410;
				TargetAttributes = {
					6BFE7FAF29817B14008CB59F = {
						CreatedOnToolsVersion = 14.1;
					};
				};
			};
			buildConfigurationList = 6BFE7FAB29817B14008CB59F /* Build configuration list for PBXProject "Objects" */;
			compatibilityVersion = "Xcode 14.0";
			developmentRegion = en;
			hasScannedForEncodings = 0;
			knownRegions = (
				en,
				Base,
			);
			mainGroup = 6BFE7FA729817B14008CB59F;
			productRefGroup = 6BFE7FB129817B14008CB59F /* Products */;
			projectDirPath = "";
			projectRoot = "";
			targets = (
				6BFE7FAF29817B14008CB59F /* Objects */,
			);
		};
/* End PBXProject section */

/* Begin PBXResourcesBuildPhase section */
		6BFE7FAE29817B14008CB59F /* Resources */ = {
			isa = PBXResourcesBuildPhase;
			buildActionMask = 2147483647;
			files = (
				6BFE7FBB29817B15008CB59F /* Preview Assets.xcassets in Resources */,
				6BFE7FB829817B15008CB59F /* Assets.xcassets in Resources */,
			);
			runOnlyForDeploymentPostprocessing = 0;
		};
/* End PBXResourcesBuildPhase section */

/* Begin PBXSourcesBuildPhase section */
		6BFE7FAC29817B14008CB59F /* Sources */ = {
			isa = PBXSourcesBuildPhase;
			buildActionMask = 2147483647;
			files = (
				6BFE7FC829817D17008CB59F /* Bag.swift in Sources */,
				6BFE7FCA29817D8B008CB59F /* Audience.swift in Sources */,
				6BFE7FB629817B14008CB59F /* ContentView.swift in Sources */,
				6BFE7FB429817B14008CB59F /* ObjectsApp.swift in Sources */,
				6BFE7FC429817B7E008CB59F /* Invitation.swift in Sources */,
				6BFE7FC629817C9A008CB59F /* Ticket.swift in Sources */,
			);
			runOnlyForDeploymentPostprocessing = 0;
		};
/* End PBXSourcesBuildPhase section */

/* Begin XCBuildConfiguration section */
		6BFE7FBC29817B15008CB59F /* Debug */ = {
			isa = XCBuildConfiguration;
			buildSettings = {
				ALWAYS_SEARCH_USER_PATHS = NO;
				CLANG_ANALYZER_NONNULL = YES;
				CLANG_ANALYZER_NUMBER_OBJECT_CONVERSION = YES_AGGRESSIVE;
				CLANG_CXX_LANGUAGE_STANDARD = "gnu++20";
				CLANG_ENABLE_MODULES = YES;
				CLANG_ENABLE_OBJC_ARC = YES;
				CLANG_ENABLE_OBJC_WEAK = YES;
				CLANG_WARN_BLOCK_CAPTURE_AUTORELEASING = YES;
				CLANG_WARN_BOOL_CONVERSION = YES;
				CLANG_WARN_COMMA = YES;
				CLANG_WARN_CONSTANT_CONVERSION = YES;
				CLANG_WARN_DEPRECATED_OBJC_IMPLEMENTATIONS = YES;
				CLANG_WARN_DIRECT_OBJC_ISA_USAGE = YES_ERROR;
				CLANG_WARN_DOCUMENTATION_COMMENTS = YES;
				CLANG_WARN_EMPTY_BODY = YES;
				CLANG_WARN_ENUM_CONVERSION = YES;
				CLANG_WARN_INFINITE_RECURSION = YES;
				CLANG_WARN_INT_CONVERSION = YES;
				CLANG_WARN_NON_LITERAL_NULL_CONVERSION = YES;
				CLANG_WARN_OBJC_IMPLICIT_RETAIN_SELF = YES;
				CLANG_WARN_OBJC_LITERAL_CONVERSION = YES;
				CLANG_WARN_OBJC_ROOT_CLASS = YES_ERROR;
				CLANG_WARN_QUOTED_INCLUDE_IN_FRAMEWORK_HEADER = YES;
				CLANG_WARN_RANGE_LOOP_ANALYSIS = YES;
				CLANG_WARN_STRICT_PROTOTYPES = YES;
				CLANG_WARN_SUSPICIOUS_MOVE = YES;
				CLANG_WARN_UNGUARDED_AVAILABILITY = YES_AGGRESSIVE;
				CLANG_WARN_UNREACHABLE_CODE = YES;
				CLANG_WARN__DUPLICATE_METHOD_MATCH = YES;
				COPY_PHASE_STRIP = NO;
				DEBUG_INFORMATION_FORMAT = dwarf;
				ENABLE_STRICT_OBJC_MSGSEND = YES;
				ENABLE_TESTABILITY = YES;
				GCC_C_LANGUAGE_STANDARD = gnu11;
				GCC_DYNAMIC_NO_PIC = NO;
				GCC_NO_COMMON_BLOCKS = YES;
				GCC_OPTIMIZATION_LEVEL = 0;
				GCC_PREPROCESSOR_DEFINITIONS = (
					"DEBUG=1",
					"$(inherited)",
				);
				GCC_WARN_64_TO_32_BIT_CONVERSION = YES;
				GCC_WARN_ABOUT_RETURN_TYPE = YES_ERROR;
				GCC_WARN_UNDECLARED_SELECTOR = YES;
				GCC_WARN_UNINITIALIZED_AUTOS = YES_AGGRESSIVE;
				GCC_WARN_UNUSED_FUNCTION = YES;
				GCC_WARN_UNUSED_VARIABLE = YES;
				IPHONEOS_DEPLOYMENT_TARGET = 16.1;
				MTL_ENABLE_DEBUG_INFO = INCLUDE_SOURCE;
				MTL_FAST_MATH = YES;
				ONLY_ACTIVE_ARCH = YES;
				SDKROOT = iphoneos;
				SWIFT_ACTIVE_COMPILATION_CONDITIONS = DEBUG;
				SWIFT_OPTIMIZATION_LEVEL = "-Onone";
			};
			name = Debug;
		};
		6BFE7FBD29817B15008CB59F /* Release */ = {
			isa = XCBuildConfiguration;
			buildSettings = {
				ALWAYS_SEARCH_USER_PATHS = NO;
				CLANG_ANALYZER_NONNULL = YES;
				CLANG_ANALYZER_NUMBER_OBJECT_CONVERSION = YES_AGGRESSIVE;
				CLANG_CXX_LANGUAGE_STANDARD = "gnu++20";
				CLANG_ENABLE_MODULES = YES;
				CLANG_ENABLE_OBJC_ARC = YES;
				CLANG_ENABLE_OBJC_WEAK = YES;
				CLANG_WARN_BLOCK_CAPTURE_AUTORELEASING = YES;
				CLANG_WARN_BOOL_CONVERSION = YES;
				CLANG_WARN_COMMA = YES;
				CLANG_WARN_CONSTANT_CONVERSION = YES;
				CLANG_WARN_DEPRECATED_OBJC_IMPLEMENTATIONS = YES;
				CLANG_WARN_DIRECT_OBJC_ISA_USAGE = YES_ERROR;
				CLANG_WARN_DOCUMENTATION_COMMENTS = YES;
				CLANG_WARN_EMPTY_BODY = YES;
				CLANG_WARN_ENUM_CONVERSION = YES;
				CLANG_WARN_INFINITE_RECURSION = YES;
				CLANG_WARN_INT_CONVERSION = YES;
				CLANG_WARN_NON_LITERAL_NULL_CONVERSION = YES;
				CLANG_WARN_OBJC_IMPLICIT_RETAIN_SELF = YES;
				CLANG_WARN_OBJC_LITERAL_CONVERSION = YES;
				CLANG_WARN_OBJC_ROOT_CLASS = YES_ERROR;
				CLANG_WARN_QUOTED_INCLUDE_IN_FRAMEWORK_HEADER = YES;
				CLANG_WARN_RANGE_LOOP_ANALYSIS = YES;
				CLANG_WARN_STRICT_PROTOTYPES = YES;
				CLANG_WARN_SUSPICIOUS_MOVE = YES;
				CLANG_WARN_UNGUARDED_AVAILABILITY = YES_AGGRESSIVE;
				CLANG_WARN_UNREACHABLE_CODE = YES;
				CLANG_WARN__DUPLICATE_METHOD_MATCH = YES;
				COPY_PHASE_STRIP = NO;
				DEBUG_INFORMATION_FORMAT = "dwarf-with-dsym";
				ENABLE_NS_ASSERTIONS = NO;
				ENABLE_STRICT_OBJC_MSGSEND = YES;
				GCC_C_LANGUAGE_STANDARD = gnu11;
				GCC_NO_COMMON_BLOCKS = YES;
				GCC_WARN_64_TO_32_BIT_CONVERSION = YES;
				GCC_WARN_ABOUT_RETURN_TYPE = YES_ERROR;
				GCC_WARN_UNDECLARED_SELECTOR = YES;
				GCC_WARN_UNINITIALIZED_AUTOS = YES_AGGRESSIVE;
				GCC_WARN_UNUSED_FUNCTION = YES;
				GCC_WARN_UNUSED_VARIABLE = YES;
				IPHONEOS_DEPLOYMENT_TARGET = 16.1;
				MTL_ENABLE_DEBUG_INFO = NO;
				MTL_FAST_MATH = YES;
				SDKROOT = iphoneos;
				SWIFT_COMPILATION_MODE = wholemodule;
				SWIFT_OPTIMIZATION_LEVEL = "-O";
				VALIDATE_PRODUCT = YES;
			};
			name = Release;
		};
		6BFE7FBF29817B15008CB59F /* Debug */ = {
			isa = XCBuildConfiguration;
			buildSettings = {
				ASSETCATALOG_COMPILER_APPICON_NAME = AppIcon;
				ASSETCATALOG_COMPILER_GLOBAL_ACCENT_COLOR_NAME = AccentColor;
				CODE_SIGN_STYLE = Automatic;
				CURRENT_PROJECT_VERSION = 1;
				DEVELOPMENT_ASSET_PATHS = "\"Objects/Preview Content\"";
				DEVELOPMENT_TEAM = 788V8JND7A;
				ENABLE_PREVIEWS = YES;
				GENERATE_INFOPLIST_FILE = YES;
				INFOPLIST_KEY_UIApplicationSceneManifest_Generation = YES;
				INFOPLIST_KEY_UIApplicationSupportsIndirectInputEvents = YES;
				INFOPLIST_KEY_UILaunchScreen_Generation = YES;
				INFOPLIST_KEY_UISupportedInterfaceOrientations_iPad = "UIInterfaceOrientationPortrait UIInterfaceOrientationPortraitUpsideDown UIInterfaceOrientationLandscapeLeft UIInterfaceOrientationLandscapeRight";
				INFOPLIST_KEY_UISupportedInterfaceOrientations_iPhone = "UIInterfaceOrientationPortrait UIInterfaceOrientationLandscapeLeft UIInterfaceOrientationLandscapeRight";
				LD_RUNPATH_SEARCH_PATHS = (
					"$(inherited)",
					"@executable_path/Frameworks",
				);
				MARKETING_VERSION = 1.0;
				PRODUCT_BUNDLE_IDENTIFIER = com.yoonds.Objects;
				PRODUCT_NAME = "$(TARGET_NAME)";
				SWIFT_EMIT_LOC_STRINGS = YES;
				SWIFT_VERSION = 5.0;
				TARGETED_DEVICE_FAMILY = "1,2";
			};
			name = Debug;
		};
		6BFE7FC029817B15008CB59F /* Release */ = {
			isa = XCBuildConfiguration;
			buildSettings = {
				ASSETCATALOG_COMPILER_APPICON_NAME = AppIcon;
				ASSETCATALOG_COMPILER_GLOBAL_ACCENT_COLOR_NAME = AccentColor;
				CODE_SIGN_STYLE = Automatic;
				CURRENT_PROJECT_VERSION = 1;
				DEVELOPMENT_ASSET_PATHS = "\"Objects/Preview Content\"";
				DEVELOPMENT_TEAM = 788V8JND7A;
				ENABLE_PREVIEWS = YES;
				GENERATE_INFOPLIST_FILE = YES;
				INFOPLIST_KEY_UIApplicationSceneManifest_Generation = YES;
				INFOPLIST_KEY_UIApplicationSupportsIndirectInputEvents = YES;
				INFOPLIST_KEY_UILaunchScreen_Generation = YES;
				INFOPLIST_KEY_UISupportedInterfaceOrientations_iPad = "UIInterfaceOrientationPortrait UIInterfaceOrientationPortraitUpsideDown UIInterfaceOrientationLandscapeLeft UIInterfaceOrientationLandscapeRight";
				INFOPLIST_KEY_UISupportedInterfaceOrientations_iPhone = "UIInterfaceOrientationPortrait UIInterfaceOrientationLandscapeLeft UIInterfaceOrientationLandscapeRight";
				LD_RUNPATH_SEARCH_PATHS = (
					"$(inherited)",
					"@executable_path/Frameworks",
				);
				MARKETING_VERSION = 1.0;
				PRODUCT_BUNDLE_IDENTIFIER = com.yoonds.Objects;
				PRODUCT_NAME = "$(TARGET_NAME)";
				SWIFT_EMIT_LOC_STRINGS = YES;
				SWIFT_VERSION = 5.0;
				TARGETED_DEVICE_FAMILY = "1,2";
			};
			name = Release;
		};
/* End XCBuildConfiguration section */

/* Begin XCConfigurationList section */
		6BFE7FAB29817B14008CB59F /* Build configuration list for PBXProject "Objects" */ = {
			isa = XCConfigurationList;
			buildConfigurations = (
				6BFE7FBC29817B15008CB59F /* Debug */,
				6BFE7FBD29817B15008CB59F /* Release */,
			);
			defaultConfigurationIsVisible = 0;
			defaultConfigurationName = Release;
		};
		6BFE7FBE29817B15008CB59F /* Build configuration list for PBXNativeTarget "Objects" */ = {
			isa = XCConfigurationList;
			buildConfigurations = (
				6BFE7FBF29817B15008CB59F /* Debug */,
				6BFE7FC029817B15008CB59F /* Release */,
			);
			defaultConfigurationIsVisible = 0;
			defaultConfigurationName = Release;
		};
/* End XCConfigurationList section */
	};
	rootObject = 6BFE7FA829817B14008CB59F /* Project object */;
}
